
Microsoft Visual Studio Solution File, Format Version 12.00
Project("{FAE04EC0-301F-11D3-BF4B-00C04F79EFBC}") = "ULSS Helper", "ULSS Helper\ULSS Helper.csproj", "{2D4BD767-6FB1-40B2-8586-CB33F4ACC162}"
EndProject
Global
	GlobalSection(SolutionConfigurationPlatforms) = preSolution
		Debug|Any CPU = Debug|Any CPU
		Release|Any CPU = Release|Any CPU
	EndGlobalSection
	GlobalSection(ProjectConfigurationPlatforms) = postSolution
		{2D4BD767-6FB1-40B2-8586-CB33F4ACC162}.Debug|Any CPU.ActiveCfg = Debug|Any CPU
		{2D4BD767-6FB1-40B2-8586-CB33F4ACC162}.Debug|Any CPU.Build.0 = Debug|Any CPU
		{2D4BD767-6FB1-40B2-8586-CB33F4ACC162}.Release|Any CPU.ActiveCfg = Release|Any CPU
		{2D4BD767-6FB1-40B2-8586-CB33F4ACC162}.Release|Any CPU.Build.0 = Release|Any CPU
	EndGlobalSection
EndGlobal
